// !$*UTF8*$!
{
	archiveVersion = 1;
	classes = {
	};
	objectVersion = 46;
	objects = {

/* Begin PBXBuildFile section */
		5C1484341C4601CA006F92D2 /* main.m in Sources */ = {isa = PBXBuildFile; fileRef = 5C1484331C4601CA006F92D2 /* main.m */; };
		5C1484371C4601CA006F92D2 /* AppDelegate.m in Sources */ = {isa = PBXBuildFile; fileRef = 5C1484361C4601CA006F92D2 /* AppDelegate.m */; };
		5C14843A1C4601CA006F92D2 /* ViewController.m in Sources */ = {isa = PBXBuildFile; fileRef = 5C1484391C4601CA006F92D2 /* ViewController.m */; };
		5C14843D1C4601CA006F92D2 /* Main.storyboard in Resources */ = {isa = PBXBuildFile; fileRef = 5C14843B1C4601CA006F92D2 /* Main.storyboard */; };
		5C14843F1C4601CA006F92D2 /* Assets.xcassets in Resources */ = {isa = PBXBuildFile; fileRef = 5C14843E1C4601CA006F92D2 /* Assets.xcassets */; };
		5C1484421C4601CA006F92D2 /* LaunchScreen.storyboard in Resources */ = {isa = PBXBuildFile; fileRef = 5C1484401C4601CA006F92D2 /* LaunchScreen.storyboard */; };
		5C14844D1C4601CA006F92D2 /* iPhone_CalculatorTests.m in Sources */ = {isa = PBXBuildFile; fileRef = 5C14844C1C4601CA006F92D2 /* iPhone_CalculatorTests.m */; };
		5C1484581C4601CA006F92D2 /* iPhone_CalculatorUITests.m in Sources */ = {isa = PBXBuildFile; fileRef = 5C1484571C4601CA006F92D2 /* iPhone_CalculatorUITests.m */; };
/* End PBXBuildFile section */

/* Begin PBXContainerItemProxy section */
		5C1484491C4601CA006F92D2 /* PBXContainerItemProxy */ = {
			isa = PBXContainerItemProxy;
			containerPortal = 5C1484271C4601CA006F92D2 /* Project object */;
			proxyType = 1;
			remoteGlobalIDString = 5C14842E1C4601CA006F92D2;
			remoteInfo = "iPhone Calculator";
		};
		5C1484541C4601CA006F92D2 /* PBXContainerItemProxy */ = {
			isa = PBXContainerItemProxy;
			containerPortal = 5C1484271C4601CA006F92D2 /* Project object */;
			proxyType = 1;
			remoteGlobalIDString = 5C14842E1C4601CA006F92D2;
			remoteInfo = "iPhone Calculator";
		};
/* End PBXContainerItemProxy section */

/* Begin PBXFileReference section */
		5C14842F1C4601CA006F92D2 /* iPhone Calculator.app */ = {isa = PBXFileReference; explicitFileType = wrapper.application; includeInIndex = 0; path = "iPhone Calculator.app"; sourceTree = BUILT_PRODUCTS_DIR; };
		5C1484331C4601CA006F92D2 /* main.m */ = {isa = PBXFileReference; lastKnownFileType = sourcecode.c.objc; path = main.m; sourceTree = "<group>"; };
		5C1484351C4601CA006F92D2 /* AppDelegate.h */ = {isa = PBXFileReference; lastKnownFileType = sourcecode.c.h; path = AppDelegate.h; sourceTree = "<group>"; };
		5C1484361C4601CA006F92D2 /* AppDelegate.m */ = {isa = PBXFileReference; lastKnownFileType = sourcecode.c.objc; path = AppDelegate.m; sourceTree = "<group>"; };
		5C1484381C4601CA006F92D2 /* ViewController.h */ = {isa = PBXFileReference; lastKnownFileType = sourcecode.c.h; path = ViewController.h; sourceTree = "<group>"; };
		5C1484391C4601CA006F92D2 /* ViewController.m */ = {isa = PBXFileReference; lastKnownFileType = sourcecode.c.objc; path = ViewController.m; sourceTree = "<group>"; };
		5C14843C1C4601CA006F92D2 /* Base */ = {isa = PBXFileReference; lastKnownFileType = file.storyboard; name = Base; path = Base.lproj/Main.storyboard; sourceTree = "<group>"; };
		5C14843E1C4601CA006F92D2 /* Assets.xcassets */ = {isa = PBXFileReference; lastKnownFileType = folder.assetcatalog; path = Assets.xcassets; sourceTree = "<group>"; };
		5C1484411C4601CA006F92D2 /* Base */ = {isa = PBXFileReference; lastKnownFileType = file.storyboard; name = Base; path = Base.lproj/LaunchScreen.storyboard; sourceTree = "<group>"; };
		5C1484431C4601CA006F92D2 /* Info.plist */ = {isa = PBXFileReference; lastKnownFileType = text.plist.xml; path = Info.plist; sourceTree = "<group>"; };
		5C1484481C4601CA006F92D2 /* iPhone CalculatorTests.xctest */ = {isa = PBXFileReference; explicitFileType = wrapper.cfbundle; includeInIndex = 0; path = "iPhone CalculatorTests.xctest"; sourceTree = BUILT_PRODUCTS_DIR; };
		5C14844C1C4601CA006F92D2 /* iPhone_CalculatorTests.m */ = {isa = PBXFileReference; lastKnownFileType = sourcecode.c.objc; path = iPhone_CalculatorTests.m; sourceTree = "<group>"; };
		5C14844E1C4601CA006F92D2 /* Info.plist */ = {isa = PBXFileReference; lastKnownFileType = text.plist.xml; path = Info.plist; sourceTree = "<group>"; };
		5C1484531C4601CA006F92D2 /* iPhone CalculatorUITests.xctest */ = {isa = PBXFileReference; explicitFileType = wrapper.cfbundle; includeInIndex = 0; path = "iPhone CalculatorUITests.xctest"; sourceTree = BUILT_PRODUCTS_DIR; };
		5C1484571C4601CA006F92D2 /* iPhone_CalculatorUITests.m */ = {isa = PBXFileReference; lastKnownFileType = sourcecode.c.objc; path = iPhone_CalculatorUITests.m; sourceTree = "<group>"; };
		5C1484591C4601CA006F92D2 /* Info.plist */ = {isa = PBXFileReference; lastKnownFileType = text.plist.xml; path = Info.plist; sourceTree = "<group>"; };
/* End PBXFileReference section */

/* Begin PBXFrameworksBuildPhase section */
		5C14842C1C4601CA006F92D2 /* Frameworks */ = {
			isa = PBXFrameworksBuildPhase;
			buildActionMask = 2147483647;
			files = (
			);
			runOnlyForDeploymentPostprocessing = 0;
		};
		5C1484451C4601CA006F92D2 /* Frameworks */ = {
			isa = PBXFrameworksBuildPhase;
			buildActionMask = 2147483647;
			files = (
			);
			runOnlyForDeploymentPostprocessing = 0;
		};
		5C1484501C4601CA006F92D2 /* Frameworks */ = {
			isa = PBXFrameworksBuildPhase;
			buildActionMask = 2147483647;
			files = (
			);
			runOnlyForDeploymentPostprocessing = 0;
		};
/* End PBXFrameworksBuildPhase section */

/* Begin PBXGroup section */
		5C1484261C4601CA006F92D2 = {
			isa = PBXGroup;
			children = (
				5C1484311C4601CA006F92D2 /* iPhone Calculator */,
				5C14844B1C4601CA006F92D2 /* iPhone CalculatorTests */,
				5C1484561C4601CA006F92D2 /* iPhone CalculatorUITests */,
				5C1484301C4601CA006F92D2 /* Products */,
			);
			sourceTree = "<group>";
		};
		5C1484301C4601CA006F92D2 /* Products */ = {
			isa = PBXGroup;
			children = (
				5C14842F1C4601CA006F92D2 /* iPhone Calculator.app */,
				5C1484481C4601CA006F92D2 /* iPhone CalculatorTests.xctest */,
				5C1484531C4601CA006F92D2 /* iPhone CalculatorUITests.xctest */,
			);
			name = Products;
			sourceTree = "<group>";
		};
		5C1484311C4601CA006F92D2 /* iPhone Calculator */ = {
			isa = PBXGroup;
			children = (
				5C1484351C4601CA006F92D2 /* AppDelegate.h */,
				5C1484361C4601CA006F92D2 /* AppDelegate.m */,
				5C1484381C4601CA006F92D2 /* ViewController.h */,
				5C1484391C4601CA006F92D2 /* ViewController.m */,
				5C14843B1C4601CA006F92D2 /* Main.storyboard */,
				5C14843E1C4601CA006F92D2 /* Assets.xcassets */,
				5C1484401C4601CA006F92D2 /* LaunchScreen.storyboard */,
				5C1484431C4601CA006F92D2 /* Info.plist */,
				5C1484321C4601CA006F92D2 /* Supporting Files */,
			);
			path = "iPhone Calculator";
			sourceTree = "<group>";
		};
		5C1484321C4601CA006F92D2 /* Supporting Files */ = {
			isa = PBXGroup;
			children = (
				5C1484331C4601CA006F92D2 /* main.m */,
			);
			name = "Supporting Files";
			sourceTree = "<group>";
		};
		5C14844B1C4601CA006F92D2 /* iPhone CalculatorTests */ = {
			isa = PBXGroup;
			children = (
				5C14844C1C4601CA006F92D2 /* iPhone_CalculatorTests.m */,
				5C14844E1C4601CA006F92D2 /* Info.plist */,
			);
			path = "iPhone CalculatorTests";
			sourceTree = "<group>";
		};
		5C1484561C4601CA006F92D2 /* iPhone CalculatorUITests */ = {
			isa = PBXGroup;
			children = (
				5C1484571C4601CA006F92D2 /* iPhone_CalculatorUITests.m */,
				5C1484591C4601CA006F92D2 /* Info.plist */,
			);
			path = "iPhone CalculatorUITests";
			sourceTree = "<group>";
		};
/* End PBXGroup section */

/* Begin PBXNativeTarget section */
		5C14842E1C4601CA006F92D2 /* iPhone Calculator */ = {
			isa = PBXNativeTarget;
			buildConfigurationList = 5C14845C1C4601CA006F92D2 /* Build configuration list for PBXNativeTarget "iPhone Calculator" */;
			buildPhases = (
				5C14842B1C4601CA006F92D2 /* Sources */,
				5C14842C1C4601CA006F92D2 /* Frameworks */,
				5C14842D1C4601CA006F92D2 /* Resources */,
			);
			buildRules = (
			);
			dependencies = (
			);
			name = "iPhone Calculator";
			productName = "iPhone Calculator";
			productReference = 5C14842F1C4601CA006F92D2 /* iPhone Calculator.app */;
			productType = "com.apple.product-type.application";
		};
		5C1484471C4601CA006F92D2 /* iPhone CalculatorTests */ = {
			isa = PBXNativeTarget;
			buildConfigurationList = 5C14845F1C4601CA006F92D2 /* Build configuration list for PBXNativeTarget "iPhone CalculatorTests" */;
			buildPhases = (
				5C1484441C4601CA006F92D2 /* Sources */,
				5C1484451C4601CA006F92D2 /* Frameworks */,
				5C1484461C4601CA006F92D2 /* Resources */,
			);
			buildRules = (
			);
			dependencies = (
				5C14844A1C4601CA006F92D2 /* PBXTargetDependency */,
			);
			name = "iPhone CalculatorTests";
			productName = "iPhone CalculatorTests";
			productReference = 5C1484481C4601CA006F92D2 /* iPhone CalculatorTests.xctest */;
			productType = "com.apple.product-type.bundle.unit-test";
		};
		5C1484521C4601CA006F92D2 /* iPhone CalculatorUITests */ = {
			isa = PBXNativeTarget;
			buildConfigurationList = 5C1484621C4601CA006F92D2 /* Build configuration list for PBXNativeTarget "iPhone CalculatorUITests" */;
			buildPhases = (
				5C14844F1C4601CA006F92D2 /* Sources */,
				5C1484501C4601CA006F92D2 /* Frameworks */,
				5C1484511C4601CA006F92D2 /* Resources */,
			);
			buildRules = (
			);
			dependencies = (
				5C1484551C4601CA006F92D2 /* PBXTargetDependency */,
			);
			name = "iPhone CalculatorUITests";
			productName = "iPhone CalculatorUITests";
			productReference = 5C1484531C4601CA006F92D2 /* iPhone CalculatorUITests.xctest */;
			productType = "com.apple.product-type.bundle.ui-testing";
		};
/* End PBXNativeTarget section */

/* Begin PBXProject section */
		5C1484271C4601CA006F92D2 /* Project object */ = {
			isa = PBXProject;
			attributes = {
				LastUpgradeCheck = 0720;
				ORGANIZATIONNAME = "SS D";
				TargetAttributes = {
					5C14842E1C4601CA006F92D2 = {
						CreatedOnToolsVersion = 7.2;
						DevelopmentTeam = R3U35R63G4;
					};
					5C1484471C4601CA006F92D2 = {
						CreatedOnToolsVersion = 7.2;
						DevelopmentTeam = R3U35R63G4;
						TestTargetID = 5C14842E1C4601CA006F92D2;
					};
					5C1484521C4601CA006F92D2 = {
						CreatedOnToolsVersion = 7.2;
						DevelopmentTeam = R3U35R63G4;
						TestTargetID = 5C14842E1C4601CA006F92D2;
					};
				};
			};
			buildConfigurationList = 5C14842A1C4601CA006F92D2 /* Build configuration list for PBXProject "iPhone Calculator" */;
			compatibilityVersion = "Xcode 3.2";
			developmentRegion = English;
			hasScannedForEncodings = 0;
			knownRegions = (
				en,
				Base,
			);
			mainGroup = 5C1484261C4601CA006F92D2;
			productRefGroup = 5C1484301C4601CA006F92D2 /* Products */;
			projectDirPath = "";
			projectRoot = "";
			targets = (
				5C14842E1C4601CA006F92D2 /* iPhone Calculator */,
				5C1484471C4601CA006F92D2 /* iPhone CalculatorTests */,
				5C1484521C4601CA006F92D2 /* iPhone CalculatorUITests */,
			);
		};
/* End PBXProject section */

/* Begin PBXResourcesBuildPhase section */
		5C14842D1C4601CA006F92D2 /* Resources */ = {
			isa = PBXResourcesBuildPhase;
			buildActionMask = 2147483647;
			files = (
				5C1484421C4601CA006F92D2 /* LaunchScreen.storyboard in Resources */,
				5C14843F1C4601CA006F92D2 /* Assets.xcassets in Resources */,
				5C14843D1C4601CA006F92D2 /* Main.storyboard in Resources */,
			);
			runOnlyForDeploymentPostprocessing = 0;
		};
		5C1484461C4601CA006F92D2 /* Resources */ = {
			isa = PBXResourcesBuildPhase;
			buildActionMask = 2147483647;
			files = (
			);
			runOnlyForDeploymentPostprocessing = 0;
		};
		5C1484511C4601CA006F92D2 /* Resources */ = {
			isa = PBXResourcesBuildPhase;
			buildActionMask = 2147483647;
			files = (
			);
			runOnlyForDeploymentPostprocessing = 0;
		};
/* End PBXResourcesBuildPhase section */

/* Begin PBXSourcesBuildPhase section */
		5C14842B1C4601CA006F92D2 /* Sources */ = {
			isa = PBXSourcesBuildPhase;
			buildActionMask = 2147483647;
			files = (
				5C14843A1C4601CA006F92D2 /* ViewController.m in Sources */,
				5C1484371C4601CA006F92D2 /* AppDelegate.m in Sources */,
				5C1484341C4601CA006F92D2 /* main.m in Sources */,
			);
			runOnlyForDeploymentPostprocessing = 0;
		};
		5C1484441C4601CA006F92D2 /* Sources */ = {
			isa = PBXSourcesBuildPhase;
			buildActionMask = 2147483647;
			files = (
				5C14844D1C4601CA006F92D2 /* iPhone_CalculatorTests.m in Sources */,
			);
			runOnlyForDeploymentPostprocessing = 0;
		};
		5C14844F1C4601CA006F92D2 /* Sources */ = {
			isa = PBXSourcesBuildPhase;
			buildActionMask = 2147483647;
			files = (
				5C1484581C4601CA006F92D2 /* iPhone_CalculatorUITests.m in Sources */,
			);
			runOnlyForDeploymentPostprocessing = 0;
		};
/* End PBXSourcesBuildPhase section */

/* Begin PBXTargetDependency section */
		5C14844A1C4601CA006F92D2 /* PBXTargetDependency */ = {
			isa = PBXTargetDependency;
			target = 5C14842E1C4601CA006F92D2 /* iPhone Calculator */;
			targetProxy = 5C1484491C4601CA006F92D2 /* PBXContainerItemProxy */;
		};
		5C1484551C4601CA006F92D2 /* PBXTargetDependency */ = {
			isa = PBXTargetDependency;
			target = 5C14842E1C4601CA006F92D2 /* iPhone Calculator */;
			targetProxy = 5C1484541C4601CA006F92D2 /* PBXContainerItemProxy */;
		};
/* End PBXTargetDependency section */

/* Begin PBXVariantGroup section */
		5C14843B1C4601CA006F92D2 /* Main.storyboard */ = {
			isa = PBXVariantGroup;
			children = (
				5C14843C1C4601CA006F92D2 /* Base */,
			);
			name = Main.storyboard;
			sourceTree = "<group>";
		};
		5C1484401C4601CA006F92D2 /* LaunchScreen.storyboard */ = {
			isa = PBXVariantGroup;
			children = (
				5C1484411C4601CA006F92D2 /* Base */,
			);
			name = LaunchScreen.storyboard;
			sourceTree = "<group>";
		};
/* End PBXVariantGroup section */

/* Begin XCBuildConfiguration section */
		5C14845A1C4601CA006F92D2 /* Debug */ = {
			isa = XCBuildConfiguration;
			buildSettings = {
				ALWAYS_SEARCH_USER_PATHS = NO;
				CLANG_CXX_LANGUAGE_STANDARD = "gnu++0x";
				CLANG_CXX_LIBRARY = "libc++";
				CLANG_ENABLE_MODULES = YES;
				CLANG_ENABLE_OBJC_ARC = YES;
				CLANG_WARN_BOOL_CONVERSION = YES;
				CLANG_WARN_CONSTANT_CONVERSION = YES;
				CLANG_WARN_DIRECT_OBJC_ISA_USAGE = YES_ERROR;
				CLANG_WARN_EMPTY_BODY = YES;
				CLANG_WARN_ENUM_CONVERSION = YES;
				CLANG_WARN_INT_CONVERSION = YES;
				CLANG_WARN_OBJC_ROOT_CLASS = YES_ERROR;
				CLANG_WARN_UNREACHABLE_CODE = YES;
				CLANG_WARN__DUPLICATE_METHOD_MATCH = YES;
				"CODE_SIGN_IDENTITY[sdk=iphoneos*]" = "iPhone Developer";
				COPY_PHASE_STRIP = NO;
				DEBUG_INFORMATION_FORMAT = dwarf;
				ENABLE_STRICT_OBJC_MSGSEND = YES;
				ENABLE_TESTABILITY = YES;
				GCC_C_LANGUAGE_STANDARD = gnu99;
				GCC_DYNAMIC_NO_PIC = NO;
				GCC_NO_COMMON_BLOCKS = YES;
				GCC_OPTIMIZATION_LEVEL = 0;
				GCC_PREPROCESSOR_DEFINITIONS = (
					"DEBUG=1",
					"$(inherited)",
				);
				GCC_WARN_64_TO_32_BIT_CONVERSION = YES;
				GCC_WARN_ABOUT_RETURN_TYPE = YES_ERROR;
				GCC_WARN_UNDECLARED_SELECTOR = YES;
				GCC_WARN_UNINITIALIZED_AUTOS = YES_AGGRESSIVE;
				GCC_WARN_UNUSED_FUNCTION = YES;
				GCC_WARN_UNUSED_VARIABLE = YES;
				IPHONEOS_DEPLOYMENT_TARGET = 9.2;
				MTL_ENABLE_DEBUG_INFO = YES;
				ONLY_ACTIVE_ARCH = YES;
				SDKROOT = iphoneos;
				TARGETED_DEVICE_FAMILY = "1,2";
			};
			name = Debug;
		};
		5C14845B1C4601CA006F92D2 /* Release */ = {
			isa = XCBuildConfiguration;
			buildSettings = {
				ALWAYS_SEARCH_USER_PATHS = NO;
				CLANG_CXX_LANGUAGE_STANDARD = "gnu++0x";
				CLANG_CXX_LIBRARY = "libc++";
				CLANG_ENABLE_MODULES = YES;
				CLANG_ENABLE_OBJC_ARC = YES;
				CLANG_WARN_BOOL_CONVERSION = YES;
				CLANG_WARN_CONSTANT_CONVERSION = YES;
				CLANG_WARN_DIRECT_OBJC_ISA_USAGE = YES_ERROR;
				CLANG_WARN_EMPTY_BODY = YES;
				CLANG_WARN_ENUM_CONVERSION = YES;
				CLANG_WARN_INT_CONVERSION = YES;
				CLANG_WARN_OBJC_ROOT_CLASS = YES_ERROR;
				CLANG_WARN_UNREACHABLE_CODE = YES;
				CLANG_WARN__DUPLICATE_METHOD_MATCH = YES;
				"CODE_SIGN_IDENTITY[sdk=iphoneos*]" = "iPhone Developer";
				COPY_PHASE_STRIP = NO;
				DEBUG_INFORMATION_FORMAT = "dwarf-with-dsym";
				ENABLE_NS_ASSERTIONS = NO;
				ENABLE_STRICT_OBJC_MSGSEND = YES;
				GCC_C_LANGUAGE_STANDARD = gnu99;
				GCC_NO_COMMON_BLOCKS = YES;
				GCC_WARN_64_TO_32_BIT_CONVERSION = YES;
				GCC_WARN_ABOUT_RETURN_TYPE = YES_ERROR;
				GCC_WARN_UNDECLARED_SELECTOR = YES;
				GCC_WARN_UNINITIALIZED_AUTOS = YES_AGGRESSIVE;
				GCC_WARN_UNUSED_FUNCTION = YES;
				GCC_WARN_UNUSED_VARIABLE = YES;
				IPHONEOS_DEPLOYMENT_TARGET = 9.2;
				MTL_ENABLE_DEBUG_INFO = NO;
				SDKROOT = iphoneos;
				TARGETED_DEVICE_FAMILY = "1,2";
				VALIDATE_PRODUCT = YES;
			};
			name = Release;
		};
		5C14845D1C4601CA006F92D2 /* Debug */ = {
			isa = XCBuildConfiguration;
			buildSettings = {
				ASSETCATALOG_COMPILER_APPICON_NAME = AppIcon;
				INFOPLIST_FILE = "iPhone Calculator/Info.plist";
				LD_RUNPATH_SEARCH_PATHS = "$(inherited) @executable_path/Frameworks";
				PRODUCT_BUNDLE_IDENTIFIER = "com.ssd352.iPhone-Calculator";
				PRODUCT_NAME = "$(TARGET_NAME)";
			};
			name = Debug;
		};
		5C14845E1C4601CA006F92D2 /* Release */ = {
			isa = XCBuildConfiguration;
			buildSettings = {
				ASSETCATALOG_COMPILER_APPICON_NAME = AppIcon;
				INFOPLIST_FILE = "iPhone Calculator/Info.plist";
				LD_RUNPATH_SEARCH_PATHS = "$(inherited) @executable_path/Frameworks";
				PRODUCT_BUNDLE_IDENTIFIER = "com.ssd352.iPhone-Calculator";
				PRODUCT_NAME = "$(TARGET_NAME)";
			};
			name = Release;
		};
		5C1484601C4601CA006F92D2 /* Debug */ = {
			isa = XCBuildConfiguration;
			buildSettings = {
				BUNDLE_LOADER = "$(TEST_HOST)";
				INFOPLIST_FILE = "iPhone CalculatorTests/Info.plist";
				LD_RUNPATH_SEARCH_PATHS = "$(inherited) @executable_path/Frameworks @loader_path/Frameworks";
				PRODUCT_BUNDLE_IDENTIFIER = "com.ssd352.iPhone-CalculatorTests";
				PRODUCT_NAME = "$(TARGET_NAME)";
				TEST_HOST = "$(BUILT_PRODUCTS_DIR)/iPhone Calculator.app/iPhone Calculator";
			};
			name = Debug;
		};
		5C1484611C4601CA006F92D2 /* Release */ = {
			isa = XCBuildConfiguration;
			buildSettings = {
				BUNDLE_LOADER = "$(TEST_HOST)";
				INFOPLIST_FILE = "iPhone CalculatorTests/Info.plist";
				LD_RUNPATH_SEARCH_PATHS = "$(inherited) @executable_path/Frameworks @loader_path/Frameworks";
				PRODUCT_BUNDLE_IDENTIFIER = "com.ssd352.iPhone-CalculatorTests";
				PRODUCT_NAME = "$(TARGET_NAME)";
				TEST_HOST = "$(BUILT_PRODUCTS_DIR)/iPhone Calculator.app/iPhone Calculator";
			};
			name = Release;
		};
		5C1484631C4601CA006F92D2 /* Debug */ = {
			isa = XCBuildConfiguration;
			buildSettings = {
				INFOPLIST_FILE = "iPhone CalculatorUITests/Info.plist";
				LD_RUNPATH_SEARCH_PATHS = "$(inherited) @executable_path/Frameworks @loader_path/Frameworks";
				PRODUCT_BUNDLE_IDENTIFIER = "com.ssd352.iPhone-CalculatorUITests";
				PRODUCT_NAME = "$(TARGET_NAME)";
				TEST_TARGET_NAME = "iPhone Calculator";
				USES_XCTRUNNER = YES;
			};
			name = Debug;
		};
		5C1484641C4601CA006F92D2 /* Release */ = {
			isa = XCBuildConfiguration;
			buildSettings = {
				INFOPLIST_FILE = "iPhone CalculatorUITests/Info.plist";
				LD_RUNPATH_SEARCH_PATHS = "$(inherited) @executable_path/Frameworks @loader_path/Frameworks";
				PRODUCT_BUNDLE_IDENTIFIER = "com.ssd352.iPhone-CalculatorUITests";
				PRODUCT_NAME = "$(TARGET_NAME)";
				TEST_TARGET_NAME = "iPhone Calculator";
				USES_XCTRUNNER = YES;
			};
			name = Release;
		};
/* End XCBuildConfiguration section */

/* Begin XCConfigurationList section */
		5C14842A1C4601CA006F92D2 /* Build configuration list for PBXProject "iPhone Calculator" */ = {
			isa = XCConfigurationList;
			buildConfigurations = (
				5C14845A1C4601CA006F92D2 /* Debug */,
				5C14845B1C4601CA006F92D2 /* Release */,
			);
			defaultConfigurationIsVisible = 0;
			defaultConfigurationName = Release;
		};
		5C14845C1C4601CA006F92D2 /* Build configuration list for PBXNativeTarget "iPhone Calculator" */ = {
			isa = XCConfigurationList;
			buildConfigurations = (
				5C14845D1C4601CA006F92D2 /* Debug */,
				5C14845E1C4601CA006F92D2 /* Release */,
			);
			defaultConfigurationIsVisible = 0;
		};
		5C14845F1C4601CA006F92D2 /* Build configuration list for PBXNativeTarget "iPhone CalculatorTests" */ = {
			isa = XCConfigurationList;
			buildConfigurations = (
				5C1484601C4601CA006F92D2 /* Debug */,
				5C1484611C4601CA006F92D2 /* Release */,
			);
			defaultConfigurationIsVisible = 0;
		};
		5C1484621C4601CA006F92D2 /* Build configuration list for PBXNativeTarget "iPhone CalculatorUITests" */ = {
			isa = XCConfigurationList;
			buildConfigurations = (
				5C1484631C4601CA006F92D2 /* Debug */,
				5C1484641C4601CA006F92D2 /* Release */,
			);
			defaultConfigurationIsVisible = 0;
		};
/* End XCConfigurationList section */
	};
	rootObject = 5C1484271C4601CA006F92D2 /* Project object */;
}
